<?xml version="1.0" encoding="UTF-8" standalone="yes" ?>
<CodeBlocks_project_file>
	<FileVersion major="1" minor="6" />
	<Project>
		<Option title="Tp_Final" />
		<Option pch_mode="2" />
		<Option compiler="gcc" />
		<Build>
			<Target title="Debug">
				<Option output="bin/Debug/Tp_Final" prefix_auto="1" extension_auto="1" />
				<Option object_output="obj/Debug/" />
				<Option type="1" />
				<Option compiler="gcc" />
				<Compiler>
					<Add option="-g" />
				</Compiler>
			</Target>
			<Target title="Release">
				<Option output="bin/Release/Tp_Final" prefix_auto="1" extension_auto="1" />
				<Option object_output="obj/Release/" />
				<Option type="1" />
				<Option compiler="gcc" />
				<Compiler>
					<Add option="-O2" />
				</Compiler>
				<Linker>
					<Add option="-s" />
				</Linker>
			</Target>
		</Build>
		<Compiler>
			<Add option="-Wall" />
		</Compiler>
		<Unit filename="cliente.c">
			<Option compilerVar="CC" />
		</Unit>
		<Unit filename="cliente.h" />
		<Unit filename="gotoxy.c">
			<Option compilerVar="CC" />
		</Unit>
		<Unit filename="gotoxy.h" />
		<Unit filename="main.c">
			<Option compilerVar="CC" />
		</Unit>
		<Unit filename="producto.c">
			<Option compilerVar="CC" />
		</Unit>
		<Unit filename="producto.h" />
		<Unit filename="utilidades.c">
			<Option compilerVar="CC" />
		</Unit>
		<Unit filename="utilidades.h" />
		<Unit filename="variosClientes.c">
			<Option compilerVar="CC" />
		</Unit>
		<Unit filename="variosClientes.h" />
		<Unit filename="variosProductos.c">
			<Option compilerVar="CC" />
		</Unit>
		<Unit filename="variosProductos.h" />
		<Extensions>
			<code_completion />
			<envvars />
			<debugger />
		</Extensions>
	</Project>
</CodeBlocks_project_file>
